
Microsoft Visual Studio Solution File, Format Version 12.00
# Visual Studio Version 16
VisualStudioVersion = 16.0.29411.108
MinimumVisualStudioVersion = 10.0.40219.1
Project("{FAE04EC0-301F-11D3-BF4B-00C04F79EFBC}") = "QuanLyCanHo_demo", "QuanLyCanHo_demo.csproj", "{A5EECA0C-E152-4971-9978-328B8464F818}"
EndProject
Global
	GlobalSection(SolutionConfigurationPlatforms) = preSolution
		Debug|Any CPU = Debug|Any CPU
		Release|Any CPU = Release|Any CPU
	EndGlobalSection
	GlobalSection(ProjectConfigurationPlatforms) = postSolution
		{A5EECA0C-E152-4971-9978-328B8464F818}.Debug|Any CPU.ActiveCfg = Debug|Any CPU
		{A5EECA0C-E152-4971-9978-328B8464F818}.Debug|Any CPU.Build.0 = Debug|Any CPU
		{A5EECA0C-E152-4971-9978-328B8464F818}.Release|Any CPU.ActiveCfg = Release|Any CPU
		{A5EECA0C-E152-4971-9978-328B8464F818}.Release|Any CPU.Build.0 = Release|Any CPU
	EndGlobalSection
	GlobalSection(SolutionProperties) = preSolution
		HideSolutionNode = FALSE
	EndGlobalSection
	GlobalSection(ExtensibilityGlobals) = postSolution
		SolutionGuid = {AB471CCC-F6D3-44CB-BAD6-4627DBBABB24}
	EndGlobalSection
EndGlobal
